// !$*UTF8*$!
{
	archiveVersion = 1;
	classes = {
	};
	objectVersion = 46;
	objects = {

/* Begin PBXBuildFile section */
		EB68C8EE1F028ED8003DFCE5 /* main.m in Sources */ = {isa = PBXBuildFile; fileRef = EB68C8ED1F028ED8003DFCE5 /* main.m */; };
		EB68C8F11F028ED8003DFCE5 /* AppDelegate.m in Sources */ = {isa = PBXBuildFile; fileRef = EB68C8F01F028ED8003DFCE5 /* AppDelegate.m */; };
		EB68C8F41F028ED8003DFCE5 /* ViewController.m in Sources */ = {isa = PBXBuildFile; fileRef = EB68C8F31F028ED8003DFCE5 /* ViewController.m */; };
		EB68C8F71F028ED8003DFCE5 /* Main.storyboard in Resources */ = {isa = PBXBuildFile; fileRef = EB68C8F51F028ED8003DFCE5 /* Main.storyboard */; };
		EB68C8F91F028ED8003DFCE5 /* Assets.xcassets in Resources */ = {isa = PBXBuildFile; fileRef = EB68C8F81F028ED8003DFCE5 /* Assets.xcassets */; };
		EB68C8FC1F028ED8003DFCE5 /* LaunchScreen.storyboard in Resources */ = {isa = PBXBuildFile; fileRef = EB68C8FA1F028ED8003DFCE5 /* LaunchScreen.storyboard */; };
		EB68C9051F028FC5003DFCE5 /* HorizontalProgressSeekBar.m in Sources */ = {isa = PBXBuildFile; fileRef = EB68C9041F028FC5003DFCE5 /* HorizontalProgressSeekBar.m */; };
		EB68C90B1F0291D4003DFCE5 /* room_buyin_hint.png in Resources */ = {isa = PBXBuildFile; fileRef = EB68C9071F0291D4003DFCE5 /* room_buyin_hint.png */; };
		EB68C90C1F0291D4003DFCE5 /* room_buyin_progress.png in Resources */ = {isa = PBXBuildFile; fileRef = EB68C9081F0291D4003DFCE5 /* room_buyin_progress.png */; };
		EB68C90D1F0291D4003DFCE5 /* room_buyin_progress_bg.png in Resources */ = {isa = PBXBuildFile; fileRef = EB68C9091F0291D4003DFCE5 /* room_buyin_progress_bg.png */; };
		EB68C90E1F0291D4003DFCE5 /* room_buyin_thumb.png in Resources */ = {isa = PBXBuildFile; fileRef = EB68C90A1F0291D4003DFCE5 /* room_buyin_thumb.png */; };
		EB68C9111F02B116003DFCE5 /* popdlg_btn_radio_off_normal.png in Resources */ = {isa = PBXBuildFile; fileRef = EB68C90F1F02B116003DFCE5 /* popdlg_btn_radio_off_normal.png */; };
		EB68C9121F02B116003DFCE5 /* popdlg_btn_radio_off_pressed.png in Resources */ = {isa = PBXBuildFile; fileRef = EB68C9101F02B116003DFCE5 /* popdlg_btn_radio_off_pressed.png */; };
/* End PBXBuildFile section */

/* Begin PBXFileReference section */
		EB68C8E91F028ED8003DFCE5 /* SeekBar.app */ = {isa = PBXFileReference; explicitFileType = wrapper.application; includeInIndex = 0; path = SeekBar.app; sourceTree = BUILT_PRODUCTS_DIR; };
		EB68C8ED1F028ED8003DFCE5 /* main.m */ = {isa = PBXFileReference; lastKnownFileType = sourcecode.c.objc; path = main.m; sourceTree = "<group>"; };
		EB68C8EF1F028ED8003DFCE5 /* AppDelegate.h */ = {isa = PBXFileReference; lastKnownFileType = sourcecode.c.h; path = AppDelegate.h; sourceTree = "<group>"; };
		EB68C8F01F028ED8003DFCE5 /* AppDelegate.m */ = {isa = PBXFileReference; lastKnownFileType = sourcecode.c.objc; path = AppDelegate.m; sourceTree = "<group>"; };
		EB68C8F21F028ED8003DFCE5 /* ViewController.h */ = {isa = PBXFileReference; lastKnownFileType = sourcecode.c.h; path = ViewController.h; sourceTree = "<group>"; };
		EB68C8F31F028ED8003DFCE5 /* ViewController.m */ = {isa = PBXFileReference; lastKnownFileType = sourcecode.c.objc; path = ViewController.m; sourceTree = "<group>"; };
		EB68C8F61F028ED8003DFCE5 /* Base */ = {isa = PBXFileReference; lastKnownFileType = file.storyboard; name = Base; path = Base.lproj/Main.storyboard; sourceTree = "<group>"; };
		EB68C8F81F028ED8003DFCE5 /* Assets.xcassets */ = {isa = PBXFileReference; lastKnownFileType = folder.assetcatalog; path = Assets.xcassets; sourceTree = "<group>"; };
		EB68C8FB1F028ED8003DFCE5 /* Base */ = {isa = PBXFileReference; lastKnownFileType = file.storyboard; name = Base; path = Base.lproj/LaunchScreen.storyboard; sourceTree = "<group>"; };
		EB68C8FD1F028ED8003DFCE5 /* Info.plist */ = {isa = PBXFileReference; lastKnownFileType = text.plist.xml; path = Info.plist; sourceTree = "<group>"; };
		EB68C9031F028FC5003DFCE5 /* HorizontalProgressSeekBar.h */ = {isa = PBXFileReference; fileEncoding = 4; lastKnownFileType = sourcecode.c.h; path = HorizontalProgressSeekBar.h; sourceTree = "<group>"; };
		EB68C9041F028FC5003DFCE5 /* HorizontalProgressSeekBar.m */ = {isa = PBXFileReference; fileEncoding = 4; lastKnownFileType = sourcecode.c.objc; path = HorizontalProgressSeekBar.m; sourceTree = "<group>"; };
		EB68C9071F0291D4003DFCE5 /* room_buyin_hint.png */ = {isa = PBXFileReference; lastKnownFileType = image.png; path = room_buyin_hint.png; sourceTree = "<group>"; };
		EB68C9081F0291D4003DFCE5 /* room_buyin_progress.png */ = {isa = PBXFileReference; lastKnownFileType = image.png; path = room_buyin_progress.png; sourceTree = "<group>"; };
		EB68C9091F0291D4003DFCE5 /* room_buyin_progress_bg.png */ = {isa = PBXFileReference; lastKnownFileType = image.png; path = room_buyin_progress_bg.png; sourceTree = "<group>"; };
		EB68C90A1F0291D4003DFCE5 /* room_buyin_thumb.png */ = {isa = PBXFileReference; lastKnownFileType = image.png; path = room_buyin_thumb.png; sourceTree = "<group>"; };
		EB68C90F1F02B116003DFCE5 /* popdlg_btn_radio_off_normal.png */ = {isa = PBXFileReference; lastKnownFileType = image.png; path = popdlg_btn_radio_off_normal.png; sourceTree = "<group>"; };
		EB68C9101F02B116003DFCE5 /* popdlg_btn_radio_off_pressed.png */ = {isa = PBXFileReference; lastKnownFileType = image.png; path = popdlg_btn_radio_off_pressed.png; sourceTree = "<group>"; };
/* End PBXFileReference section */

/* Begin PBXFrameworksBuildPhase section */
		EB68C8E61F028ED8003DFCE5 /* Frameworks */ = {
			isa = PBXFrameworksBuildPhase;
			buildActionMask = 2147483647;
			files = (
			);
			runOnlyForDeploymentPostprocessing = 0;
		};
/* End PBXFrameworksBuildPhase section */

/* Begin PBXGroup section */
		EB68C8E01F028ED7003DFCE5 = {
			isa = PBXGroup;
			children = (
				EB68C9061F0291D4003DFCE5 /* image */,
				EB68C8EB1F028ED8003DFCE5 /* SeekBar */,
				EB68C8EA1F028ED8003DFCE5 /* Products */,
			);
			sourceTree = "<group>";
		};
		EB68C8EA1F028ED8003DFCE5 /* Products */ = {
			isa = PBXGroup;
			children = (
				EB68C8E91F028ED8003DFCE5 /* SeekBar.app */,
			);
			name = Products;
			sourceTree = "<group>";
		};
		EB68C8EB1F028ED8003DFCE5 /* SeekBar */ = {
			isa = PBXGroup;
			children = (
				EB68C8EF1F028ED8003DFCE5 /* AppDelegate.h */,
				EB68C8F01F028ED8003DFCE5 /* AppDelegate.m */,
				EB68C8F21F028ED8003DFCE5 /* ViewController.h */,
				EB68C8F31F028ED8003DFCE5 /* ViewController.m */,
				EB68C8F51F028ED8003DFCE5 /* Main.storyboard */,
				EB68C8F81F028ED8003DFCE5 /* Assets.xcassets */,
				EB68C8FA1F028ED8003DFCE5 /* LaunchScreen.storyboard */,
				EB68C8FD1F028ED8003DFCE5 /* Info.plist */,
				EB68C8EC1F028ED8003DFCE5 /* Supporting Files */,
				EB68C9031F028FC5003DFCE5 /* HorizontalProgressSeekBar.h */,
				EB68C9041F028FC5003DFCE5 /* HorizontalProgressSeekBar.m */,
			);
			path = SeekBar;
			sourceTree = "<group>";
		};
		EB68C8EC1F028ED8003DFCE5 /* Supporting Files */ = {
			isa = PBXGroup;
			children = (
				EB68C8ED1F028ED8003DFCE5 /* main.m */,
			);
			name = "Supporting Files";
			sourceTree = "<group>";
		};
		EB68C9061F0291D4003DFCE5 /* image */ = {
			isa = PBXGroup;
			children = (
				EB68C90F1F02B116003DFCE5 /* popdlg_btn_radio_off_normal.png */,
				EB68C9101F02B116003DFCE5 /* popdlg_btn_radio_off_pressed.png */,
				EB68C9071F0291D4003DFCE5 /* room_buyin_hint.png */,
				EB68C9081F0291D4003DFCE5 /* room_buyin_progress.png */,
				EB68C9091F0291D4003DFCE5 /* room_buyin_progress_bg.png */,
				EB68C90A1F0291D4003DFCE5 /* room_buyin_thumb.png */,
			);
			name = image;
			path = SeekBar/image;
			sourceTree = "<group>";
		};
/* End PBXGroup section */

/* Begin PBXNativeTarget section */
		EB68C8E81F028ED8003DFCE5 /* SeekBar */ = {
			isa = PBXNativeTarget;
			buildConfigurationList = EB68C9001F028ED8003DFCE5 /* Build configuration list for PBXNativeTarget "SeekBar" */;
			buildPhases = (
				EB68C8E51F028ED8003DFCE5 /* Sources */,
				EB68C8E61F028ED8003DFCE5 /* Frameworks */,
				EB68C8E71F028ED8003DFCE5 /* Resources */,
			);
			buildRules = (
			);
			dependencies = (
			);
			name = SeekBar;
			productName = SeekBar;
			productReference = EB68C8E91F028ED8003DFCE5 /* SeekBar.app */;
			productType = "com.apple.product-type.application";
		};
/* End PBXNativeTarget section */

/* Begin PBXProject section */
		EB68C8E11F028ED7003DFCE5 /* Project object */ = {
			isa = PBXProject;
			attributes = {
				LastUpgradeCheck = 0800;
				ORGANIZATIONNAME = yexifeng;
				TargetAttributes = {
					EB68C8E81F028ED8003DFCE5 = {
						CreatedOnToolsVersion = 8.0;
						ProvisioningStyle = Automatic;
					};
				};
			};
			buildConfigurationList = EB68C8E41F028ED7003DFCE5 /* Build configuration list for PBXProject "SeekBar" */;
			compatibilityVersion = "Xcode 3.2";
			developmentRegion = English;
			hasScannedForEncodings = 0;
			knownRegions = (
				en,
				Base,
			);
			mainGroup = EB68C8E01F028ED7003DFCE5;
			productRefGroup = EB68C8EA1F028ED8003DFCE5 /* Products */;
			projectDirPath = "";
			projectRoot = "";
			targets = (
				EB68C8E81F028ED8003DFCE5 /* SeekBar */,
			);
		};
/* End PBXProject section */

/* Begin PBXResourcesBuildPhase section */
		EB68C8E71F028ED8003DFCE5 /* Resources */ = {
			isa = PBXResourcesBuildPhase;
			buildActionMask = 2147483647;
			files = (
				EB68C90E1F0291D4003DFCE5 /* room_buyin_thumb.png in Resources */,
				EB68C8FC1F028ED8003DFCE5 /* LaunchScreen.storyboard in Resources */,
				EB68C8F91F028ED8003DFCE5 /* Assets.xcassets in Resources */,
				EB68C9121F02B116003DFCE5 /* popdlg_btn_radio_off_pressed.png in Resources */,
				EB68C9111F02B116003DFCE5 /* popdlg_btn_radio_off_normal.png in Resources */,
				EB68C90D1F0291D4003DFCE5 /* room_buyin_progress_bg.png in Resources */,
				EB68C8F71F028ED8003DFCE5 /* Main.storyboard in Resources */,
				EB68C90C1F0291D4003DFCE5 /* room_buyin_progress.png in Resources */,
				EB68C90B1F0291D4003DFCE5 /* room_buyin_hint.png in Resources */,
			);
			runOnlyForDeploymentPostprocessing = 0;
		};
/* End PBXResourcesBuildPhase section */

/* Begin PBXSourcesBuildPhase section */
		EB68C8E51F028ED8003DFCE5 /* Sources */ = {
			isa = PBXSourcesBuildPhase;
			buildActionMask = 2147483647;
			files = (
				EB68C8F41F028ED8003DFCE5 /* ViewController.m in Sources */,
				EB68C8F11F028ED8003DFCE5 /* AppDelegate.m in Sources */,
				EB68C9051F028FC5003DFCE5 /* HorizontalProgressSeekBar.m in Sources */,
				EB68C8EE1F028ED8003DFCE5 /* main.m in Sources */,
			);
			runOnlyForDeploymentPostprocessing = 0;
		};
/* End PBXSourcesBuildPhase section */

/* Begin PBXVariantGroup section */
		EB68C8F51F028ED8003DFCE5 /* Main.storyboard */ = {
			isa = PBXVariantGroup;
			children = (
				EB68C8F61F028ED8003DFCE5 /* Base */,
			);
			name = Main.storyboard;
			sourceTree = "<group>";
		};
		EB68C8FA1F028ED8003DFCE5 /* LaunchScreen.storyboard */ = {
			isa = PBXVariantGroup;
			children = (
				EB68C8FB1F028ED8003DFCE5 /* Base */,
			);
			name = LaunchScreen.storyboard;
			sourceTree = "<group>";
		};
/* End PBXVariantGroup section */

/* Begin XCBuildConfiguration section */
		EB68C8FE1F028ED8003DFCE5 /* Debug */ = {
			isa = XCBuildConfiguration;
			buildSettings = {
				ALWAYS_SEARCH_USER_PATHS = NO;
				CLANG_ANALYZER_NONNULL = YES;
				CLANG_CXX_LANGUAGE_STANDARD = "gnu++0x";
				CLANG_CXX_LIBRARY = "libc++";
				CLANG_ENABLE_MODULES = YES;
				CLANG_ENABLE_OBJC_ARC = YES;
				CLANG_WARN_BOOL_CONVERSION = YES;
				CLANG_WARN_CONSTANT_CONVERSION = YES;
				CLANG_WARN_DIRECT_OBJC_ISA_USAGE = YES_ERROR;
				CLANG_WARN_DOCUMENTATION_COMMENTS = YES;
				CLANG_WARN_EMPTY_BODY = YES;
				CLANG_WARN_ENUM_CONVERSION = YES;
				CLANG_WARN_INFINITE_RECURSION = YES;
				CLANG_WARN_INT_CONVERSION = YES;
				CLANG_WARN_OBJC_ROOT_CLASS = YES_ERROR;
				CLANG_WARN_SUSPICIOUS_MOVES = YES;
				CLANG_WARN_UNREACHABLE_CODE = YES;
				CLANG_WARN__DUPLICATE_METHOD_MATCH = YES;
				"CODE_SIGN_IDENTITY[sdk=iphoneos*]" = "iPhone Developer";
				COPY_PHASE_STRIP = NO;
				DEBUG_INFORMATION_FORMAT = dwarf;
				ENABLE_STRICT_OBJC_MSGSEND = YES;
				ENABLE_TESTABILITY = YES;
				GCC_C_LANGUAGE_STANDARD = gnu99;
				GCC_DYNAMIC_NO_PIC = NO;
				GCC_NO_COMMON_BLOCKS = YES;
				GCC_OPTIMIZATION_LEVEL = 0;
				GCC_PREPROCESSOR_DEFINITIONS = (
					"DEBUG=1",
					"$(inherited)",
				);
				GCC_WARN_64_TO_32_BIT_CONVERSION = YES;
				GCC_WARN_ABOUT_RETURN_TYPE = YES_ERROR;
				GCC_WARN_UNDECLARED_SELECTOR = YES;
				GCC_WARN_UNINITIALIZED_AUTOS = YES_AGGRESSIVE;
				GCC_WARN_UNUSED_FUNCTION = YES;
				GCC_WARN_UNUSED_VARIABLE = YES;
				IPHONEOS_DEPLOYMENT_TARGET = 10.0;
				MTL_ENABLE_DEBUG_INFO = YES;
				ONLY_ACTIVE_ARCH = YES;
				SDKROOT = iphoneos;
			};
			name = Debug;
		};
		EB68C8FF1F028ED8003DFCE5 /* Release */ = {
			isa = XCBuildConfiguration;
			buildSettings = {
				ALWAYS_SEARCH_USER_PATHS = NO;
				CLANG_ANALYZER_NONNULL = YES;
				CLANG_CXX_LANGUAGE_STANDARD = "gnu++0x";
				CLANG_CXX_LIBRARY = "libc++";
				CLANG_ENABLE_MODULES = YES;
				CLANG_ENABLE_OBJC_ARC = YES;
				CLANG_WARN_BOOL_CONVERSION = YES;
				CLANG_WARN_CONSTANT_CONVERSION = YES;
				CLANG_WARN_DIRECT_OBJC_ISA_USAGE = YES_ERROR;
				CLANG_WARN_DOCUMENTATION_COMMENTS = YES;
				CLANG_WARN_EMPTY_BODY = YES;
				CLANG_WARN_ENUM_CONVERSION = YES;
				CLANG_WARN_INFINITE_RECURSION = YES;
				CLANG_WARN_INT_CONVERSION = YES;
				CLANG_WARN_OBJC_ROOT_CLASS = YES_ERROR;
				CLANG_WARN_SUSPICIOUS_MOVES = YES;
				CLANG_WARN_UNREACHABLE_CODE = YES;
				CLANG_WARN__DUPLICATE_METHOD_MATCH = YES;
				"CODE_SIGN_IDENTITY[sdk=iphoneos*]" = "iPhone Developer";
				COPY_PHASE_STRIP = NO;
				DEBUG_INFORMATION_FORMAT = "dwarf-with-dsym";
				ENABLE_NS_ASSERTIONS = NO;
				ENABLE_STRICT_OBJC_MSGSEND = YES;
				GCC_C_LANGUAGE_STANDARD = gnu99;
				GCC_NO_COMMON_BLOCKS = YES;
				GCC_WARN_64_TO_32_BIT_CONVERSION = YES;
				GCC_WARN_ABOUT_RETURN_TYPE = YES_ERROR;
				GCC_WARN_UNDECLARED_SELECTOR = YES;
				GCC_WARN_UNINITIALIZED_AUTOS = YES_AGGRESSIVE;
				GCC_WARN_UNUSED_FUNCTION = YES;
				GCC_WARN_UNUSED_VARIABLE = YES;
				IPHONEOS_DEPLOYMENT_TARGET = 10.0;
				MTL_ENABLE_DEBUG_INFO = NO;
				SDKROOT = iphoneos;
				VALIDATE_PRODUCT = YES;
			};
			name = Release;
		};
		EB68C9011F028ED8003DFCE5 /* Debug */ = {
			isa = XCBuildConfiguration;
			buildSettings = {
				ASSETCATALOG_COMPILER_APPICON_NAME = AppIcon;
				INFOPLIST_FILE = SeekBar/Info.plist;
				LD_RUNPATH_SEARCH_PATHS = "$(inherited) @executable_path/Frameworks";
				PRODUCT_BUNDLE_IDENTIFIER = com.ios.moregood.SeekBar;
				PRODUCT_NAME = "$(TARGET_NAME)";
			};
			name = Debug;
		};
		EB68C9021F028ED8003DFCE5 /* Release */ = {
			isa = XCBuildConfiguration;
			buildSettings = {
				ASSETCATALOG_COMPILER_APPICON_NAME = AppIcon;
				INFOPLIST_FILE = SeekBar/Info.plist;
				LD_RUNPATH_SEARCH_PATHS = "$(inherited) @executable_path/Frameworks";
				PRODUCT_BUNDLE_IDENTIFIER = com.ios.moregood.SeekBar;
				PRODUCT_NAME = "$(TARGET_NAME)";
			};
			name = Release;
		};
/* End XCBuildConfiguration section */

/* Begin XCConfigurationList section */
		EB68C8E41F028ED7003DFCE5 /* Build configuration list for PBXProject "SeekBar" */ = {
			isa = XCConfigurationList;
			buildConfigurations = (
				EB68C8FE1F028ED8003DFCE5 /* Debug */,
				EB68C8FF1F028ED8003DFCE5 /* Release */,
			);
			defaultConfigurationIsVisible = 0;
			defaultConfigurationName = Release;
		};
		EB68C9001F028ED8003DFCE5 /* Build configuration list for PBXNativeTarget "SeekBar" */ = {
			isa = XCConfigurationList;
			buildConfigurations = (
				EB68C9011F028ED8003DFCE5 /* Debug */,
				EB68C9021F028ED8003DFCE5 /* Release */,
			);
			defaultConfigurationIsVisible = 0;
		};
/* End XCConfigurationList section */
	};
	rootObject = EB68C8E11F028ED7003DFCE5 /* Project object */;
}
